{
  "name": "suncalc-python",
  "version": "1.0.0",
  "lockfileVersion": 3,
  "requires": true,
  "packages": {
    "": {
      "name": "suncalc-python",
      "version": "1.0.0",
      "license": "ISC",
      "dependencies": {
        "suncalc": "^2.0.0"
      }
    },
    "node_modules/suncalc": {
      "version": "2.0.0",
      "resolved": "https://registry.npmjs.org/suncalc/-/suncalc-2.0.0.tgz",
      "integrity": "sha512-RcO28GOMXNnB+sr+c7/+zv5UPMa9wxIsUVGE3HddjQykqCVEC2rc4t4IjBB7qaa7K7dx5Cxp8UZwexyXrX8JkA=="
    }
  }
}
